// !$*UTF8*$!
{
	archiveVersion = 1;
	classes = {
	};
	objectVersion = 48;
	objects = {

/* Begin PBXBuildFile section */
		A9206FD52010B7D700B741A1 /* AppDelegate.swift in Sources */ = {isa = PBXBuildFile; fileRef = A9206FD42010B7D700B741A1 /* AppDelegate.swift */; };
		A9206FDA2010B7D700B741A1 /* Main.storyboard in Resources */ = {isa = PBXBuildFile; fileRef = A9206FD82010B7D700B741A1 /* Main.storyboard */; };
		A9206FDC2010B7D700B741A1 /* Assets.xcassets in Resources */ = {isa = PBXBuildFile; fileRef = A9206FDB2010B7D700B741A1 /* Assets.xcassets */; };
		A9206FDF2010B7D700B741A1 /* LaunchScreen.storyboard in Resources */ = {isa = PBXBuildFile; fileRef = A9206FDD2010B7D700B741A1 /* LaunchScreen.storyboard */; };
		A9206FEA2010B7D800B741A1 /* PrivaliaTestTests.swift in Sources */ = {isa = PBXBuildFile; fileRef = A9206FE92010B7D800B741A1 /* PrivaliaTestTests.swift */; };
		A9206FF52010B7D800B741A1 /* PrivaliaTestUITests.swift in Sources */ = {isa = PBXBuildFile; fileRef = A9206FF42010B7D800B741A1 /* PrivaliaTestUITests.swift */; };
		A92070062010BA9F00B741A1 /* ListFilmsViewController.swift in Sources */ = {isa = PBXBuildFile; fileRef = A92070052010BA9F00B741A1 /* ListFilmsViewController.swift */; };
		A92070082010C55F00B741A1 /* ListFilmPresenter.swift in Sources */ = {isa = PBXBuildFile; fileRef = A92070072010C55F00B741A1 /* ListFilmPresenter.swift */; };
		A920700B2010C72500B741A1 /* ListFilmView.swift in Sources */ = {isa = PBXBuildFile; fileRef = A920700A2010C72500B741A1 /* ListFilmView.swift */; };
		A920700D2010C78C00B741A1 /* ApiService.swift in Sources */ = {isa = PBXBuildFile; fileRef = A920700C2010C78C00B741A1 /* ApiService.swift */; };
		A92070112010C90D00B741A1 /* ListCell.swift in Sources */ = {isa = PBXBuildFile; fileRef = A920700F2010C90D00B741A1 /* ListCell.swift */; };
		A92070122010C90D00B741A1 /* ListCell.xib in Resources */ = {isa = PBXBuildFile; fileRef = A92070102010C90D00B741A1 /* ListCell.xib */; };
/* End PBXBuildFile section */

/* Begin PBXContainerItemProxy section */
		A9206FE62010B7D800B741A1 /* PBXContainerItemProxy */ = {
			isa = PBXContainerItemProxy;
			containerPortal = A9206FC92010B7D700B741A1 /* Project object */;
			proxyType = 1;
			remoteGlobalIDString = A9206FD02010B7D700B741A1;
			remoteInfo = PrivaliaTest;
		};
		A9206FF12010B7D800B741A1 /* PBXContainerItemProxy */ = {
			isa = PBXContainerItemProxy;
			containerPortal = A9206FC92010B7D700B741A1 /* Project object */;
			proxyType = 1;
			remoteGlobalIDString = A9206FD02010B7D700B741A1;
			remoteInfo = PrivaliaTest;
		};
/* End PBXContainerItemProxy section */

/* Begin PBXFileReference section */
		A9206FD12010B7D700B741A1 /* PrivaliaTest.app */ = {isa = PBXFileReference; explicitFileType = wrapper.application; includeInIndex = 0; path = PrivaliaTest.app; sourceTree = BUILT_PRODUCTS_DIR; };
		A9206FD42010B7D700B741A1 /* AppDelegate.swift */ = {isa = PBXFileReference; lastKnownFileType = sourcecode.swift; path = AppDelegate.swift; sourceTree = "<group>"; };
		A9206FD92010B7D700B741A1 /* Base */ = {isa = PBXFileReference; lastKnownFileType = file.storyboard; name = Base; path = Base.lproj/Main.storyboard; sourceTree = "<group>"; };
		A9206FDB2010B7D700B741A1 /* Assets.xcassets */ = {isa = PBXFileReference; lastKnownFileType = folder.assetcatalog; path = Assets.xcassets; sourceTree = "<group>"; };
		A9206FDE2010B7D700B741A1 /* Base */ = {isa = PBXFileReference; lastKnownFileType = file.storyboard; name = Base; path = Base.lproj/LaunchScreen.storyboard; sourceTree = "<group>"; };
		A9206FE02010B7D700B741A1 /* Info.plist */ = {isa = PBXFileReference; lastKnownFileType = text.plist.xml; path = Info.plist; sourceTree = "<group>"; };
		A9206FE52010B7D800B741A1 /* PrivaliaTestTests.xctest */ = {isa = PBXFileReference; explicitFileType = wrapper.cfbundle; includeInIndex = 0; path = PrivaliaTestTests.xctest; sourceTree = BUILT_PRODUCTS_DIR; };
		A9206FE92010B7D800B741A1 /* PrivaliaTestTests.swift */ = {isa = PBXFileReference; lastKnownFileType = sourcecode.swift; path = PrivaliaTestTests.swift; sourceTree = "<group>"; };
		A9206FEB2010B7D800B741A1 /* Info.plist */ = {isa = PBXFileReference; lastKnownFileType = text.plist.xml; path = Info.plist; sourceTree = "<group>"; };
		A9206FF02010B7D800B741A1 /* PrivaliaTestUITests.xctest */ = {isa = PBXFileReference; explicitFileType = wrapper.cfbundle; includeInIndex = 0; path = PrivaliaTestUITests.xctest; sourceTree = BUILT_PRODUCTS_DIR; };
		A9206FF42010B7D800B741A1 /* PrivaliaTestUITests.swift */ = {isa = PBXFileReference; lastKnownFileType = sourcecode.swift; path = PrivaliaTestUITests.swift; sourceTree = "<group>"; };
		A9206FF62010B7D800B741A1 /* Info.plist */ = {isa = PBXFileReference; lastKnownFileType = text.plist.xml; path = Info.plist; sourceTree = "<group>"; };
		A92070052010BA9F00B741A1 /* ListFilmsViewController.swift */ = {isa = PBXFileReference; lastKnownFileType = sourcecode.swift; path = ListFilmsViewController.swift; sourceTree = "<group>"; };
		A92070072010C55F00B741A1 /* ListFilmPresenter.swift */ = {isa = PBXFileReference; lastKnownFileType = sourcecode.swift; path = ListFilmPresenter.swift; sourceTree = "<group>"; };
		A920700A2010C72500B741A1 /* ListFilmView.swift */ = {isa = PBXFileReference; lastKnownFileType = sourcecode.swift; path = ListFilmView.swift; sourceTree = "<group>"; };
		A920700C2010C78C00B741A1 /* ApiService.swift */ = {isa = PBXFileReference; lastKnownFileType = sourcecode.swift; path = ApiService.swift; sourceTree = "<group>"; };
		A920700F2010C90D00B741A1 /* ListCell.swift */ = {isa = PBXFileReference; lastKnownFileType = sourcecode.swift; path = ListCell.swift; sourceTree = "<group>"; };
		A92070102010C90D00B741A1 /* ListCell.xib */ = {isa = PBXFileReference; lastKnownFileType = file.xib; path = ListCell.xib; sourceTree = "<group>"; };
/* End PBXFileReference section */

/* Begin PBXFrameworksBuildPhase section */
		A9206FCE2010B7D700B741A1 /* Frameworks */ = {
			isa = PBXFrameworksBuildPhase;
			buildActionMask = 2147483647;
			files = (
			);
			runOnlyForDeploymentPostprocessing = 0;
		};
		A9206FE22010B7D800B741A1 /* Frameworks */ = {
			isa = PBXFrameworksBuildPhase;
			buildActionMask = 2147483647;
			files = (
			);
			runOnlyForDeploymentPostprocessing = 0;
		};
		A9206FED2010B7D800B741A1 /* Frameworks */ = {
			isa = PBXFrameworksBuildPhase;
			buildActionMask = 2147483647;
			files = (
			);
			runOnlyForDeploymentPostprocessing = 0;
		};
/* End PBXFrameworksBuildPhase section */

/* Begin PBXGroup section */
		A9206FC82010B7D700B741A1 = {
			isa = PBXGroup;
			children = (
				A9206FD32010B7D700B741A1 /* PrivaliaTest */,
				A9206FE82010B7D800B741A1 /* PrivaliaTestTests */,
				A9206FF32010B7D800B741A1 /* PrivaliaTestUITests */,
				A9206FD22010B7D700B741A1 /* Products */,
			);
			sourceTree = "<group>";
		};
		A9206FD22010B7D700B741A1 /* Products */ = {
			isa = PBXGroup;
			children = (
				A9206FD12010B7D700B741A1 /* PrivaliaTest.app */,
				A9206FE52010B7D800B741A1 /* PrivaliaTestTests.xctest */,
				A9206FF02010B7D800B741A1 /* PrivaliaTestUITests.xctest */,
			);
			name = Products;
			sourceTree = "<group>";
		};
		A9206FD32010B7D700B741A1 /* PrivaliaTest */ = {
			isa = PBXGroup;
			children = (
				A920700E2010C8C100B741A1 /* Interface */,
				A9206FD42010B7D700B741A1 /* AppDelegate.swift */,
				A92070092010C6FF00B741A1 /* Protocols */,
				A92070042010BA6D00B741A1 /* Model */,
				A92070032010BA6100B741A1 /* View */,
				A92070022010BA5500B741A1 /* Presenter */,
				A9206FDB2010B7D700B741A1 /* Assets.xcassets */,
				A9206FDD2010B7D700B741A1 /* LaunchScreen.storyboard */,
				A9206FE02010B7D700B741A1 /* Info.plist */,
			);
			path = PrivaliaTest;
			sourceTree = "<group>";
		};
		A9206FE82010B7D800B741A1 /* PrivaliaTestTests */ = {
			isa = PBXGroup;
			children = (
				A9206FE92010B7D800B741A1 /* PrivaliaTestTests.swift */,
				A9206FEB2010B7D800B741A1 /* Info.plist */,
			);
			path = PrivaliaTestTests;
			sourceTree = "<group>";
		};
		A9206FF32010B7D800B741A1 /* PrivaliaTestUITests */ = {
			isa = PBXGroup;
			children = (
				A9206FF42010B7D800B741A1 /* PrivaliaTestUITests.swift */,
				A9206FF62010B7D800B741A1 /* Info.plist */,
			);
			path = PrivaliaTestUITests;
			sourceTree = "<group>";
		};
		A92070022010BA5500B741A1 /* Presenter */ = {
			isa = PBXGroup;
			children = (
				A92070072010C55F00B741A1 /* ListFilmPresenter.swift */,
			);
			path = Presenter;
			sourceTree = "<group>";
		};
		A92070032010BA6100B741A1 /* View */ = {
			isa = PBXGroup;
			children = (
				A92070052010BA9F00B741A1 /* ListFilmsViewController.swift */,
			);
			path = View;
			sourceTree = "<group>";
		};
		A92070042010BA6D00B741A1 /* Model */ = {
			isa = PBXGroup;
			children = (
				A920700C2010C78C00B741A1 /* ApiService.swift */,
			);
			path = Model;
			sourceTree = "<group>";
		};
		A92070092010C6FF00B741A1 /* Protocols */ = {
			isa = PBXGroup;
			children = (
				A920700A2010C72500B741A1 /* ListFilmView.swift */,
			);
			path = Protocols;
			sourceTree = "<group>";
		};
		A920700E2010C8C100B741A1 /* Interface */ = {
			isa = PBXGroup;
			children = (
				A9206FD82010B7D700B741A1 /* Main.storyboard */,
				A920700F2010C90D00B741A1 /* ListCell.swift */,
				A92070102010C90D00B741A1 /* ListCell.xib */,
			);
			path = Interface;
			sourceTree = "<group>";
		};
/* End PBXGroup section */

/* Begin PBXNativeTarget section */
		A9206FD02010B7D700B741A1 /* PrivaliaTest */ = {
			isa = PBXNativeTarget;
			buildConfigurationList = A9206FF92010B7D800B741A1 /* Build configuration list for PBXNativeTarget "PrivaliaTest" */;
			buildPhases = (
				A9206FCD2010B7D700B741A1 /* Sources */,
				A9206FCE2010B7D700B741A1 /* Frameworks */,
				A9206FCF2010B7D700B741A1 /* Resources */,
			);
			buildRules = (
			);
			dependencies = (
			);
			name = PrivaliaTest;
			productName = PrivaliaTest;
			productReference = A9206FD12010B7D700B741A1 /* PrivaliaTest.app */;
			productType = "com.apple.product-type.application";
		};
		A9206FE42010B7D800B741A1 /* PrivaliaTestTests */ = {
			isa = PBXNativeTarget;
			buildConfigurationList = A9206FFC2010B7D800B741A1 /* Build configuration list for PBXNativeTarget "PrivaliaTestTests" */;
			buildPhases = (
				A9206FE12010B7D800B741A1 /* Sources */,
				A9206FE22010B7D800B741A1 /* Frameworks */,
				A9206FE32010B7D800B741A1 /* Resources */,
			);
			buildRules = (
			);
			dependencies = (
				A9206FE72010B7D800B741A1 /* PBXTargetDependency */,
			);
			name = PrivaliaTestTests;
			productName = PrivaliaTestTests;
			productReference = A9206FE52010B7D800B741A1 /* PrivaliaTestTests.xctest */;
			productType = "com.apple.product-type.bundle.unit-test";
		};
		A9206FEF2010B7D800B741A1 /* PrivaliaTestUITests */ = {
			isa = PBXNativeTarget;
			buildConfigurationList = A9206FFF2010B7D800B741A1 /* Build configuration list for PBXNativeTarget "PrivaliaTestUITests" */;
			buildPhases = (
				A9206FEC2010B7D800B741A1 /* Sources */,
				A9206FED2010B7D800B741A1 /* Frameworks */,
				A9206FEE2010B7D800B741A1 /* Resources */,
			);
			buildRules = (
			);
			dependencies = (
				A9206FF22010B7D800B741A1 /* PBXTargetDependency */,
			);
			name = PrivaliaTestUITests;
			productName = PrivaliaTestUITests;
			productReference = A9206FF02010B7D800B741A1 /* PrivaliaTestUITests.xctest */;
			productType = "com.apple.product-type.bundle.ui-testing";
		};
/* End PBXNativeTarget section */

/* Begin PBXProject section */
		A9206FC92010B7D700B741A1 /* Project object */ = {
			isa = PBXProject;
			attributes = {
				LastSwiftUpdateCheck = 0910;
				LastUpgradeCheck = 0910;
				ORGANIZATIONNAME = "Alejandro Palomo Rodriguez";
				TargetAttributes = {
					A9206FD02010B7D700B741A1 = {
						CreatedOnToolsVersion = 9.1;
						ProvisioningStyle = Automatic;
					};
					A9206FE42010B7D800B741A1 = {
						CreatedOnToolsVersion = 9.1;
						ProvisioningStyle = Automatic;
						TestTargetID = A9206FD02010B7D700B741A1;
					};
					A9206FEF2010B7D800B741A1 = {
						CreatedOnToolsVersion = 9.1;
						ProvisioningStyle = Automatic;
						TestTargetID = A9206FD02010B7D700B741A1;
					};
				};
			};
			buildConfigurationList = A9206FCC2010B7D700B741A1 /* Build configuration list for PBXProject "PrivaliaTest" */;
			compatibilityVersion = "Xcode 8.0";
			developmentRegion = en;
			hasScannedForEncodings = 0;
			knownRegions = (
				en,
				Base,
			);
			mainGroup = A9206FC82010B7D700B741A1;
			productRefGroup = A9206FD22010B7D700B741A1 /* Products */;
			projectDirPath = "";
			projectRoot = "";
			targets = (
				A9206FD02010B7D700B741A1 /* PrivaliaTest */,
				A9206FE42010B7D800B741A1 /* PrivaliaTestTests */,
				A9206FEF2010B7D800B741A1 /* PrivaliaTestUITests */,
			);
		};
/* End PBXProject section */

/* Begin PBXResourcesBuildPhase section */
		A9206FCF2010B7D700B741A1 /* Resources */ = {
			isa = PBXResourcesBuildPhase;
			buildActionMask = 2147483647;
			files = (
				A9206FDF2010B7D700B741A1 /* LaunchScreen.storyboard in Resources */,
				A92070122010C90D00B741A1 /* ListCell.xib in Resources */,
				A9206FDC2010B7D700B741A1 /* Assets.xcassets in Resources */,
				A9206FDA2010B7D700B741A1 /* Main.storyboard in Resources */,
			);
			runOnlyForDeploymentPostprocessing = 0;
		};
		A9206FE32010B7D800B741A1 /* Resources */ = {
			isa = PBXResourcesBuildPhase;
			buildActionMask = 2147483647;
			files = (
			);
			runOnlyForDeploymentPostprocessing = 0;
		};
		A9206FEE2010B7D800B741A1 /* Resources */ = {
			isa = PBXResourcesBuildPhase;
			buildActionMask = 2147483647;
			files = (
			);
			runOnlyForDeploymentPostprocessing = 0;
		};
/* End PBXResourcesBuildPhase section */

/* Begin PBXSourcesBuildPhase section */
		A9206FCD2010B7D700B741A1 /* Sources */ = {
			isa = PBXSourcesBuildPhase;
			buildActionMask = 2147483647;
			files = (
				A920700B2010C72500B741A1 /* ListFilmView.swift in Sources */,
				A920700D2010C78C00B741A1 /* ApiService.swift in Sources */,
				A92070062010BA9F00B741A1 /* ListFilmsViewController.swift in Sources */,
				A92070112010C90D00B741A1 /* ListCell.swift in Sources */,
				A9206FD52010B7D700B741A1 /* AppDelegate.swift in Sources */,
				A92070082010C55F00B741A1 /* ListFilmPresenter.swift in Sources */,
			);
			runOnlyForDeploymentPostprocessing = 0;
		};
		A9206FE12010B7D800B741A1 /* Sources */ = {
			isa = PBXSourcesBuildPhase;
			buildActionMask = 2147483647;
			files = (
				A9206FEA2010B7D800B741A1 /* PrivaliaTestTests.swift in Sources */,
			);
			runOnlyForDeploymentPostprocessing = 0;
		};
		A9206FEC2010B7D800B741A1 /* Sources */ = {
			isa = PBXSourcesBuildPhase;
			buildActionMask = 2147483647;
			files = (
				A9206FF52010B7D800B741A1 /* PrivaliaTestUITests.swift in Sources */,
			);
			runOnlyForDeploymentPostprocessing = 0;
		};
/* End PBXSourcesBuildPhase section */

/* Begin PBXTargetDependency section */
		A9206FE72010B7D800B741A1 /* PBXTargetDependency */ = {
			isa = PBXTargetDependency;
			target = A9206FD02010B7D700B741A1 /* PrivaliaTest */;
			targetProxy = A9206FE62010B7D800B741A1 /* PBXContainerItemProxy */;
		};
		A9206FF22010B7D800B741A1 /* PBXTargetDependency */ = {
			isa = PBXTargetDependency;
			target = A9206FD02010B7D700B741A1 /* PrivaliaTest */;
			targetProxy = A9206FF12010B7D800B741A1 /* PBXContainerItemProxy */;
		};
/* End PBXTargetDependency section */

/* Begin PBXVariantGroup section */
		A9206FD82010B7D700B741A1 /* Main.storyboard */ = {
			isa = PBXVariantGroup;
			children = (
				A9206FD92010B7D700B741A1 /* Base */,
			);
			name = Main.storyboard;
			sourceTree = "<group>";
		};
		A9206FDD2010B7D700B741A1 /* LaunchScreen.storyboard */ = {
			isa = PBXVariantGroup;
			children = (
				A9206FDE2010B7D700B741A1 /* Base */,
			);
			name = LaunchScreen.storyboard;
			sourceTree = "<group>";
		};
/* End PBXVariantGroup section */

/* Begin XCBuildConfiguration section */
		A9206FF72010B7D800B741A1 /* Debug */ = {
			isa = XCBuildConfiguration;
			buildSettings = {
				ALWAYS_SEARCH_USER_PATHS = NO;
				CLANG_ANALYZER_NONNULL = YES;
				CLANG_ANALYZER_NUMBER_OBJECT_CONVERSION = YES_AGGRESSIVE;
				CLANG_CXX_LANGUAGE_STANDARD = "gnu++14";
				CLANG_CXX_LIBRARY = "libc++";
				CLANG_ENABLE_MODULES = YES;
				CLANG_ENABLE_OBJC_ARC = YES;
				CLANG_WARN_BLOCK_CAPTURE_AUTORELEASING = YES;
				CLANG_WARN_BOOL_CONVERSION = YES;
				CLANG_WARN_COMMA = YES;
				CLANG_WARN_CONSTANT_CONVERSION = YES;
				CLANG_WARN_DIRECT_OBJC_ISA_USAGE = YES_ERROR;
				CLANG_WARN_DOCUMENTATION_COMMENTS = YES;
				CLANG_WARN_EMPTY_BODY = YES;
				CLANG_WARN_ENUM_CONVERSION = YES;
				CLANG_WARN_INFINITE_RECURSION = YES;
				CLANG_WARN_INT_CONVERSION = YES;
				CLANG_WARN_NON_LITERAL_NULL_CONVERSION = YES;
				CLANG_WARN_OBJC_LITERAL_CONVERSION = YES;
				CLANG_WARN_OBJC_ROOT_CLASS = YES_ERROR;
				CLANG_WARN_RANGE_LOOP_ANALYSIS = YES;
				CLANG_WARN_STRICT_PROTOTYPES = YES;
				CLANG_WARN_SUSPICIOUS_MOVE = YES;
				CLANG_WARN_UNGUARDED_AVAILABILITY = YES_AGGRESSIVE;
				CLANG_WARN_UNREACHABLE_CODE = YES;
				CLANG_WARN__DUPLICATE_METHOD_MATCH = YES;
				CODE_SIGN_IDENTITY = "iPhone Developer";
				COPY_PHASE_STRIP = NO;
				DEBUG_INFORMATION_FORMAT = dwarf;
				ENABLE_STRICT_OBJC_MSGSEND = YES;
				ENABLE_TESTABILITY = YES;
				GCC_C_LANGUAGE_STANDARD = gnu11;
				GCC_DYNAMIC_NO_PIC = NO;
				GCC_NO_COMMON_BLOCKS = YES;
				GCC_OPTIMIZATION_LEVEL = 0;
				GCC_PREPROCESSOR_DEFINITIONS = (
					"DEBUG=1",
					"$(inherited)",
				);
				GCC_WARN_64_TO_32_BIT_CONVERSION = YES;
				GCC_WARN_ABOUT_RETURN_TYPE = YES_ERROR;
				GCC_WARN_UNDECLARED_SELECTOR = YES;
				GCC_WARN_UNINITIALIZED_AUTOS = YES_AGGRESSIVE;
				GCC_WARN_UNUSED_FUNCTION = YES;
				GCC_WARN_UNUSED_VARIABLE = YES;
				IPHONEOS_DEPLOYMENT_TARGET = 11.1;
				MTL_ENABLE_DEBUG_INFO = YES;
				ONLY_ACTIVE_ARCH = YES;
				SDKROOT = iphoneos;
				SWIFT_ACTIVE_COMPILATION_CONDITIONS = DEBUG;
				SWIFT_OPTIMIZATION_LEVEL = "-Onone";
			};
			name = Debug;
		};
		A9206FF82010B7D800B741A1 /* Release */ = {
			isa = XCBuildConfiguration;
			buildSettings = {
				ALWAYS_SEARCH_USER_PATHS = NO;
				CLANG_ANALYZER_NONNULL = YES;
				CLANG_ANALYZER_NUMBER_OBJECT_CONVERSION = YES_AGGRESSIVE;
				CLANG_CXX_LANGUAGE_STANDARD = "gnu++14";
				CLANG_CXX_LIBRARY = "libc++";
				CLANG_ENABLE_MODULES = YES;
				CLANG_ENABLE_OBJC_ARC = YES;
				CLANG_WARN_BLOCK_CAPTURE_AUTORELEASING = YES;
				CLANG_WARN_BOOL_CONVERSION = YES;
				CLANG_WARN_COMMA = YES;
				CLANG_WARN_CONSTANT_CONVERSION = YES;
				CLANG_WARN_DIRECT_OBJC_ISA_USAGE = YES_ERROR;
				CLANG_WARN_DOCUMENTATION_COMMENTS = YES;
				CLANG_WARN_EMPTY_BODY = YES;
				CLANG_WARN_ENUM_CONVERSION = YES;
				CLANG_WARN_INFINITE_RECURSION = YES;
				CLANG_WARN_INT_CONVERSION = YES;
				CLANG_WARN_NON_LITERAL_NULL_CONVERSION = YES;
				CLANG_WARN_OBJC_LITERAL_CONVERSION = YES;
				CLANG_WARN_OBJC_ROOT_CLASS = YES_ERROR;
				CLANG_WARN_RANGE_LOOP_ANALYSIS = YES;
				CLANG_WARN_STRICT_PROTOTYPES = YES;
				CLANG_WARN_SUSPICIOUS_MOVE = YES;
				CLANG_WARN_UNGUARDED_AVAILABILITY = YES_AGGRESSIVE;
				CLANG_WARN_UNREACHABLE_CODE = YES;
				CLANG_WARN__DUPLICATE_METHOD_MATCH = YES;
				CODE_SIGN_IDENTITY = "iPhone Developer";
				COPY_PHASE_STRIP = NO;
				DEBUG_INFORMATION_FORMAT = "dwarf-with-dsym";
				ENABLE_NS_ASSERTIONS = NO;
				ENABLE_STRICT_OBJC_MSGSEND = YES;
				GCC_C_LANGUAGE_STANDARD = gnu11;
				GCC_NO_COMMON_BLOCKS = YES;
				GCC_WARN_64_TO_32_BIT_CONVERSION = YES;
				GCC_WARN_ABOUT_RETURN_TYPE = YES_ERROR;
				GCC_WARN_UNDECLARED_SELECTOR = YES;
				GCC_WARN_UNINITIALIZED_AUTOS = YES_AGGRESSIVE;
				GCC_WARN_UNUSED_FUNCTION = YES;
				GCC_WARN_UNUSED_VARIABLE = YES;
				IPHONEOS_DEPLOYMENT_TARGET = 11.1;
				MTL_ENABLE_DEBUG_INFO = NO;
				SDKROOT = iphoneos;
				SWIFT_OPTIMIZATION_LEVEL = "-Owholemodule";
				VALIDATE_PRODUCT = YES;
			};
			name = Release;
		};
		A9206FFA2010B7D800B741A1 /* Debug */ = {
			isa = XCBuildConfiguration;
			buildSettings = {
				ASSETCATALOG_COMPILER_APPICON_NAME = AppIcon;
				CODE_SIGN_STYLE = Automatic;
				DEVELOPMENT_TEAM = LPZGT688FL;
				INFOPLIST_FILE = PrivaliaTest/Info.plist;
				LD_RUNPATH_SEARCH_PATHS = "$(inherited) @executable_path/Frameworks";
				PRODUCT_BUNDLE_IDENTIFIER = Alejandro.PrivaliaTest;
				PRODUCT_NAME = "$(TARGET_NAME)";
				SWIFT_VERSION = 4.0;
				TARGETED_DEVICE_FAMILY = 1;
			};
			name = Debug;
		};
		A9206FFB2010B7D800B741A1 /* Release */ = {
			isa = XCBuildConfiguration;
			buildSettings = {
				ASSETCATALOG_COMPILER_APPICON_NAME = AppIcon;
				CODE_SIGN_STYLE = Automatic;
				DEVELOPMENT_TEAM = LPZGT688FL;
				INFOPLIST_FILE = PrivaliaTest/Info.plist;
				LD_RUNPATH_SEARCH_PATHS = "$(inherited) @executable_path/Frameworks";
				PRODUCT_BUNDLE_IDENTIFIER = Alejandro.PrivaliaTest;
				PRODUCT_NAME = "$(TARGET_NAME)";
				SWIFT_VERSION = 4.0;
				TARGETED_DEVICE_FAMILY = 1;
			};
			name = Release;
		};
		A9206FFD2010B7D800B741A1 /* Debug */ = {
			isa = XCBuildConfiguration;
			buildSettings = {
				ALWAYS_EMBED_SWIFT_STANDARD_LIBRARIES = YES;
				BUNDLE_LOADER = "$(TEST_HOST)";
				CODE_SIGN_STYLE = Automatic;
				DEVELOPMENT_TEAM = LPZGT688FL;
				INFOPLIST_FILE = PrivaliaTestTests/Info.plist;
				LD_RUNPATH_SEARCH_PATHS = "$(inherited) @executable_path/Frameworks @loader_path/Frameworks";
				PRODUCT_BUNDLE_IDENTIFIER = Alejandro.PrivaliaTestTests;
				PRODUCT_NAME = "$(TARGET_NAME)";
				SWIFT_VERSION = 4.0;
				TARGETED_DEVICE_FAMILY = "1,2";
				TEST_HOST = "$(BUILT_PRODUCTS_DIR)/PrivaliaTest.app/PrivaliaTest";
			};
			name = Debug;
		};
		A9206FFE2010B7D800B741A1 /* Release */ = {
			isa = XCBuildConfiguration;
			buildSettings = {
				ALWAYS_EMBED_SWIFT_STANDARD_LIBRARIES = YES;
				BUNDLE_LOADER = "$(TEST_HOST)";
				CODE_SIGN_STYLE = Automatic;
				DEVELOPMENT_TEAM = LPZGT688FL;
				INFOPLIST_FILE = PrivaliaTestTests/Info.plist;
				LD_RUNPATH_SEARCH_PATHS = "$(inherited) @executable_path/Frameworks @loader_path/Frameworks";
				PRODUCT_BUNDLE_IDENTIFIER = Alejandro.PrivaliaTestTests;
				PRODUCT_NAME = "$(TARGET_NAME)";
				SWIFT_VERSION = 4.0;
				TARGETED_DEVICE_FAMILY = "1,2";
				TEST_HOST = "$(BUILT_PRODUCTS_DIR)/PrivaliaTest.app/PrivaliaTest";
			};
			name = Release;
		};
		A92070002010B7D800B741A1 /* Debug */ = {
			isa = XCBuildConfiguration;
			buildSettings = {
				ALWAYS_EMBED_SWIFT_STANDARD_LIBRARIES = YES;
				CODE_SIGN_STYLE = Automatic;
				DEVELOPMENT_TEAM = LPZGT688FL;
				INFOPLIST_FILE = PrivaliaTestUITests/Info.plist;
				LD_RUNPATH_SEARCH_PATHS = "$(inherited) @executable_path/Frameworks @loader_path/Frameworks";
				PRODUCT_BUNDLE_IDENTIFIER = Alejandro.PrivaliaTestUITests;
				PRODUCT_NAME = "$(TARGET_NAME)";
				SWIFT_VERSION = 4.0;
				TARGETED_DEVICE_FAMILY = "1,2";
				TEST_TARGET_NAME = PrivaliaTest;
			};
			name = Debug;
		};
		A92070012010B7D800B741A1 /* Release */ = {
			isa = XCBuildConfiguration;
			buildSettings = {
				ALWAYS_EMBED_SWIFT_STANDARD_LIBRARIES = YES;
				CODE_SIGN_STYLE = Automatic;
				DEVELOPMENT_TEAM = LPZGT688FL;
				INFOPLIST_FILE = PrivaliaTestUITests/Info.plist;
				LD_RUNPATH_SEARCH_PATHS = "$(inherited) @executable_path/Frameworks @loader_path/Frameworks";
				PRODUCT_BUNDLE_IDENTIFIER = Alejandro.PrivaliaTestUITests;
				PRODUCT_NAME = "$(TARGET_NAME)";
				SWIFT_VERSION = 4.0;
				TARGETED_DEVICE_FAMILY = "1,2";
				TEST_TARGET_NAME = PrivaliaTest;
			};
			name = Release;
		};
/* End XCBuildConfiguration section */

/* Begin XCConfigurationList section */
		A9206FCC2010B7D700B741A1 /* Build configuration list for PBXProject "PrivaliaTest" */ = {
			isa = XCConfigurationList;
			buildConfigurations = (
				A9206FF72010B7D800B741A1 /* Debug */,
				A9206FF82010B7D800B741A1 /* Release */,
			);
			defaultConfigurationIsVisible = 0;
			defaultConfigurationName = Release;
		};
		A9206FF92010B7D800B741A1 /* Build configuration list for PBXNativeTarget "PrivaliaTest" */ = {
			isa = XCConfigurationList;
			buildConfigurations = (
				A9206FFA2010B7D800B741A1 /* Debug */,
				A9206FFB2010B7D800B741A1 /* Release */,
			);
			defaultConfigurationIsVisible = 0;
			defaultConfigurationName = Release;
		};
		A9206FFC2010B7D800B741A1 /* Build configuration list for PBXNativeTarget "PrivaliaTestTests" */ = {
			isa = XCConfigurationList;
			buildConfigurations = (
				A9206FFD2010B7D800B741A1 /* Debug */,
				A9206FFE2010B7D800B741A1 /* Release */,
			);
			defaultConfigurationIsVisible = 0;
			defaultConfigurationName = Release;
		};
		A9206FFF2010B7D800B741A1 /* Build configuration list for PBXNativeTarget "PrivaliaTestUITests" */ = {
			isa = XCConfigurationList;
			buildConfigurations = (
				A92070002010B7D800B741A1 /* Debug */,
				A92070012010B7D800B741A1 /* Release */,
			);
			defaultConfigurationIsVisible = 0;
			defaultConfigurationName = Release;
		};
/* End XCConfigurationList section */
	};
	rootObject = A9206FC92010B7D700B741A1 /* Project object */;
}
